
Microsoft Visual Studio Solution File, Format Version 12.00
# Visual Studio 2013
VisualStudioVersion = 12.0.31101.0
MinimumVisualStudioVersion = 10.0.40219.1
Project("{FAE04EC0-301F-11D3-BF4B-00C04F79EFBC}") = "CSASPNETMVC5Playground", "CSASPNETMVC5Playground\CSASPNETMVC5Playground.csproj", "{32C70874-1CD1-416A-98D1-8C730AD4365D}"
EndProject
Project("{FAE04EC0-301F-11D3-BF4B-00C04F79EFBC}") = "CSASPNETMVC5Playground.Tests", "CSASPNETMVC5Playground.Tests\CSASPNETMVC5Playground.Tests.csproj", "{BF2C19BA-FD43-4574-A69C-786F02846012}"
EndProject
Global
	GlobalSection(SolutionConfigurationPlatforms) = preSolution
		Debug|Any CPU = Debug|Any CPU
		Release|Any CPU = Release|Any CPU
	EndGlobalSection
	GlobalSection(ProjectConfigurationPlatforms) = postSolution
		{32C70874-1CD1-416A-98D1-8C730AD4365D}.Debug|Any CPU.ActiveCfg = Debug|Any CPU
		{32C70874-1CD1-416A-98D1-8C730AD4365D}.Debug|Any CPU.Build.0 = Debug|Any CPU
		{32C70874-1CD1-416A-98D1-8C730AD4365D}.Release|Any CPU.ActiveCfg = Release|Any CPU
		{32C70874-1CD1-416A-98D1-8C730AD4365D}.Release|Any CPU.Build.0 = Release|Any CPU
		{BF2C19BA-FD43-4574-A69C-786F02846012}.Debug|Any CPU.ActiveCfg = Debug|Any CPU
		{BF2C19BA-FD43-4574-A69C-786F02846012}.Debug|Any CPU.Build.0 = Debug|Any CPU
		{BF2C19BA-FD43-4574-A69C-786F02846012}.Release|Any CPU.ActiveCfg = Release|Any CPU
		{BF2C19BA-FD43-4574-A69C-786F02846012}.Release|Any CPU.Build.0 = Release|Any CPU
	EndGlobalSection
	GlobalSection(SolutionProperties) = preSolution
		HideSolutionNode = FALSE
	EndGlobalSection
EndGlobal
